// !$*UTF8*$!
{
	archiveVersion = 1;
	classes = {
	};
	objectVersion = 50;
	objects = {

/* Begin PBXBuildFile section */
		202E803A21F1102A0086D4A3 /* SliceControl.swift in Sources */ = {isa = PBXBuildFile; fileRef = 202E803921F1102A0086D4A3 /* SliceControl.swift */; };
		202E803C21F1104B0086D4A3 /* SliceControlDelegate.swift in Sources */ = {isa = PBXBuildFile; fileRef = 202E803B21F1104B0086D4A3 /* SliceControlDelegate.swift */; };
		202E804021F110E50086D4A3 /* NSObject+Create.swift in Sources */ = {isa = PBXBuildFile; fileRef = 202E803F21F110E50086D4A3 /* NSObject+Create.swift */; };
		202E804221F114EC0086D4A3 /* UILabel+Init.swift in Sources */ = {isa = PBXBuildFile; fileRef = 202E804121F114EC0086D4A3 /* UILabel+Init.swift */; };
		20F9C3C821F2942400889F7C /* UIView+Rounded.swift in Sources */ = {isa = PBXBuildFile; fileRef = 20F9C3C721F2942400889F7C /* UIView+Rounded.swift */; };
		20F9C3CA21F2948600889F7C /* Collection+Clamp.swift in Sources */ = {isa = PBXBuildFile; fileRef = 20F9C3C921F2948600889F7C /* Collection+Clamp.swift */; };
		20F9C3CC21F2999F00889F7C /* UIView+Add.swift in Sources */ = {isa = PBXBuildFile; fileRef = 20F9C3CB21F2999F00889F7C /* UIView+Add.swift */; };
		20F9C3CE21F29A1D00889F7C /* UIStackView+Add.swift in Sources */ = {isa = PBXBuildFile; fileRef = 20F9C3CD21F29A1D00889F7C /* UIStackView+Add.swift */; };
		20F9C3D021F29B4B00889F7C /* Anchor.swift in Sources */ = {isa = PBXBuildFile; fileRef = 20F9C3CF21F29B4B00889F7C /* Anchor.swift */; };
		20F9C3D221F29C1800889F7C /* UIEdgeInsets+Init.swift in Sources */ = {isa = PBXBuildFile; fileRef = 20F9C3D121F29C1800889F7C /* UIEdgeInsets+Init.swift */; };
/* End PBXBuildFile section */

/* Begin PBXFileReference section */
		202E802E21F10EEE0086D4A3 /* SliceControl.framework */ = {isa = PBXFileReference; explicitFileType = wrapper.framework; includeInIndex = 0; path = SliceControl.framework; sourceTree = BUILT_PRODUCTS_DIR; };
		202E803221F10EEE0086D4A3 /* Info.plist */ = {isa = PBXFileReference; lastKnownFileType = text.plist.xml; path = Info.plist; sourceTree = "<group>"; };
		202E803921F1102A0086D4A3 /* SliceControl.swift */ = {isa = PBXFileReference; lastKnownFileType = sourcecode.swift; path = SliceControl.swift; sourceTree = "<group>"; };
		202E803B21F1104B0086D4A3 /* SliceControlDelegate.swift */ = {isa = PBXFileReference; lastKnownFileType = sourcecode.swift; path = SliceControlDelegate.swift; sourceTree = "<group>"; };
		202E803F21F110E50086D4A3 /* NSObject+Create.swift */ = {isa = PBXFileReference; lastKnownFileType = sourcecode.swift; path = "NSObject+Create.swift"; sourceTree = "<group>"; };
		202E804121F114EC0086D4A3 /* UILabel+Init.swift */ = {isa = PBXFileReference; lastKnownFileType = sourcecode.swift; path = "UILabel+Init.swift"; sourceTree = "<group>"; };
		20F9C3C721F2942400889F7C /* UIView+Rounded.swift */ = {isa = PBXFileReference; lastKnownFileType = sourcecode.swift; path = "UIView+Rounded.swift"; sourceTree = "<group>"; };
		20F9C3C921F2948600889F7C /* Collection+Clamp.swift */ = {isa = PBXFileReference; lastKnownFileType = sourcecode.swift; path = "Collection+Clamp.swift"; sourceTree = "<group>"; };
		20F9C3CB21F2999F00889F7C /* UIView+Add.swift */ = {isa = PBXFileReference; lastKnownFileType = sourcecode.swift; path = "UIView+Add.swift"; sourceTree = "<group>"; };
		20F9C3CD21F29A1D00889F7C /* UIStackView+Add.swift */ = {isa = PBXFileReference; lastKnownFileType = sourcecode.swift; path = "UIStackView+Add.swift"; sourceTree = "<group>"; };
		20F9C3CF21F29B4B00889F7C /* Anchor.swift */ = {isa = PBXFileReference; fileEncoding = 4; lastKnownFileType = sourcecode.swift; path = Anchor.swift; sourceTree = "<group>"; };
		20F9C3D121F29C1800889F7C /* UIEdgeInsets+Init.swift */ = {isa = PBXFileReference; lastKnownFileType = sourcecode.swift; path = "UIEdgeInsets+Init.swift"; sourceTree = "<group>"; };
/* End PBXFileReference section */

/* Begin PBXFrameworksBuildPhase section */
		202E802B21F10EEE0086D4A3 /* Frameworks */ = {
			isa = PBXFrameworksBuildPhase;
			buildActionMask = 2147483647;
			files = (
			);
			runOnlyForDeploymentPostprocessing = 0;
		};
/* End PBXFrameworksBuildPhase section */

/* Begin PBXGroup section */
		202E802421F10EEE0086D4A3 = {
			isa = PBXGroup;
			children = (
				202E803021F10EEE0086D4A3 /* SliceControl */,
				202E802F21F10EEE0086D4A3 /* Products */,
			);
			sourceTree = "<group>";
		};
		202E802F21F10EEE0086D4A3 /* Products */ = {
			isa = PBXGroup;
			children = (
				202E802E21F10EEE0086D4A3 /* SliceControl.framework */,
			);
			name = Products;
			sourceTree = "<group>";
		};
		202E803021F10EEE0086D4A3 /* SliceControl */ = {
			isa = PBXGroup;
			children = (
				202E803D21F110C60086D4A3 /* Core */,
				202E803E21F110D30086D4A3 /* Extensions */,
				202E803221F10EEE0086D4A3 /* Info.plist */,
			);
			path = SliceControl;
			sourceTree = "<group>";
		};
		202E803D21F110C60086D4A3 /* Core */ = {
			isa = PBXGroup;
			children = (
				202E803921F1102A0086D4A3 /* SliceControl.swift */,
				202E803B21F1104B0086D4A3 /* SliceControlDelegate.swift */,
			);
			path = Core;
			sourceTree = "<group>";
		};
		202E803E21F110D30086D4A3 /* Extensions */ = {
			isa = PBXGroup;
			children = (
				20F9C3CF21F29B4B00889F7C /* Anchor.swift */,
				202E803F21F110E50086D4A3 /* NSObject+Create.swift */,
				202E804121F114EC0086D4A3 /* UILabel+Init.swift */,
				20F9C3C721F2942400889F7C /* UIView+Rounded.swift */,
				20F9C3C921F2948600889F7C /* Collection+Clamp.swift */,
				20F9C3CB21F2999F00889F7C /* UIView+Add.swift */,
				20F9C3CD21F29A1D00889F7C /* UIStackView+Add.swift */,
				20F9C3D121F29C1800889F7C /* UIEdgeInsets+Init.swift */,
			);
			path = Extensions;
			sourceTree = "<group>";
		};
/* End PBXGroup section */

/* Begin PBXHeadersBuildPhase section */
		202E802921F10EEE0086D4A3 /* Headers */ = {
			isa = PBXHeadersBuildPhase;
			buildActionMask = 2147483647;
			files = (
			);
			runOnlyForDeploymentPostprocessing = 0;
		};
/* End PBXHeadersBuildPhase section */

/* Begin PBXNativeTarget section */
		202E802D21F10EEE0086D4A3 /* SliceControl */ = {
			isa = PBXNativeTarget;
			buildConfigurationList = 202E803621F10EEE0086D4A3 /* Build configuration list for PBXNativeTarget "SliceControl" */;
			buildPhases = (
				202E802921F10EEE0086D4A3 /* Headers */,
				202E802A21F10EEE0086D4A3 /* Sources */,
				202E802B21F10EEE0086D4A3 /* Frameworks */,
				202E802C21F10EEE0086D4A3 /* Resources */,
			);
			buildRules = (
			);
			dependencies = (
			);
			name = SliceControl;
			productName = SliceControl;
			productReference = 202E802E21F10EEE0086D4A3 /* SliceControl.framework */;
			productType = "com.apple.product-type.framework";
		};
/* End PBXNativeTarget section */

/* Begin PBXProject section */
		202E802521F10EEE0086D4A3 /* Project object */ = {
			isa = PBXProject;
			attributes = {
				LastUpgradeCheck = 1010;
				ORGANIZATIONNAME = "Pedro Carrasco";
				TargetAttributes = {
					202E802D21F10EEE0086D4A3 = {
						CreatedOnToolsVersion = 10.1;
						LastSwiftMigration = 1010;
					};
				};
			};
			buildConfigurationList = 202E802821F10EEE0086D4A3 /* Build configuration list for PBXProject "SliceControl" */;
			compatibilityVersion = "Xcode 9.3";
			developmentRegion = en;
			hasScannedForEncodings = 0;
			knownRegions = (
				en,
			);
			mainGroup = 202E802421F10EEE0086D4A3;
			productRefGroup = 202E802F21F10EEE0086D4A3 /* Products */;
			projectDirPath = "";
			projectRoot = "";
			targets = (
				202E802D21F10EEE0086D4A3 /* SliceControl */,
			);
		};
/* End PBXProject section */

/* Begin PBXResourcesBuildPhase section */
		202E802C21F10EEE0086D4A3 /* Resources */ = {
			isa = PBXResourcesBuildPhase;
			buildActionMask = 2147483647;
			files = (
			);
			runOnlyForDeploymentPostprocessing = 0;
		};
/* End PBXResourcesBuildPhase section */

/* Begin PBXSourcesBuildPhase section */
		202E802A21F10EEE0086D4A3 /* Sources */ = {
			isa = PBXSourcesBuildPhase;
			buildActionMask = 2147483647;
			files = (
				202E803A21F1102A0086D4A3 /* SliceControl.swift in Sources */,
				20F9C3C821F2942400889F7C /* UIView+Rounded.swift in Sources */,
				20F9C3D221F29C1800889F7C /* UIEdgeInsets+Init.swift in Sources */,
				202E803C21F1104B0086D4A3 /* SliceControlDelegate.swift in Sources */,
				20F9C3CE21F29A1D00889F7C /* UIStackView+Add.swift in Sources */,
				20F9C3CC21F2999F00889F7C /* UIView+Add.swift in Sources */,
				202E804221F114EC0086D4A3 /* UILabel+Init.swift in Sources */,
				202E804021F110E50086D4A3 /* NSObject+Create.swift in Sources */,
				20F9C3D021F29B4B00889F7C /* Anchor.swift in Sources */,
				20F9C3CA21F2948600889F7C /* Collection+Clamp.swift in Sources */,
			);
			runOnlyForDeploymentPostprocessing = 0;
		};
/* End PBXSourcesBuildPhase section */

/* Begin XCBuildConfiguration section */
		202E803421F10EEE0086D4A3 /* Debug */ = {
			isa = XCBuildConfiguration;
			buildSettings = {
				ALWAYS_SEARCH_USER_PATHS = NO;
				CLANG_ANALYZER_NONNULL = YES;
				CLANG_ANALYZER_NUMBER_OBJECT_CONVERSION = YES_AGGRESSIVE;
				CLANG_CXX_LANGUAGE_STANDARD = "gnu++14";
				CLANG_CXX_LIBRARY = "libc++";
				CLANG_ENABLE_MODULES = YES;
				CLANG_ENABLE_OBJC_ARC = YES;
				CLANG_ENABLE_OBJC_WEAK = YES;
				CLANG_WARN_BLOCK_CAPTURE_AUTORELEASING = YES;
				CLANG_WARN_BOOL_CONVERSION = YES;
				CLANG_WARN_COMMA = YES;
				CLANG_WARN_CONSTANT_CONVERSION = YES;
				CLANG_WARN_DEPRECATED_OBJC_IMPLEMENTATIONS = YES;
				CLANG_WARN_DIRECT_OBJC_ISA_USAGE = YES_ERROR;
				CLANG_WARN_DOCUMENTATION_COMMENTS = YES;
				CLANG_WARN_EMPTY_BODY = YES;
				CLANG_WARN_ENUM_CONVERSION = YES;
				CLANG_WARN_INFINITE_RECURSION = YES;
				CLANG_WARN_INT_CONVERSION = YES;
				CLANG_WARN_NON_LITERAL_NULL_CONVERSION = YES;
				CLANG_WARN_OBJC_IMPLICIT_RETAIN_SELF = YES;
				CLANG_WARN_OBJC_LITERAL_CONVERSION = YES;
				CLANG_WARN_OBJC_ROOT_CLASS = YES_ERROR;
				CLANG_WARN_RANGE_LOOP_ANALYSIS = YES;
				CLANG_WARN_STRICT_PROTOTYPES = YES;
				CLANG_WARN_SUSPICIOUS_MOVE = YES;
				CLANG_WARN_UNGUARDED_AVAILABILITY = YES_AGGRESSIVE;
				CLANG_WARN_UNREACHABLE_CODE = YES;
				CLANG_WARN__DUPLICATE_METHOD_MATCH = YES;
				CODE_SIGN_IDENTITY = "iPhone Developer";
				COPY_PHASE_STRIP = NO;
				CURRENT_PROJECT_VERSION = 1;
				DEBUG_INFORMATION_FORMAT = dwarf;
				ENABLE_STRICT_OBJC_MSGSEND = YES;
				ENABLE_TESTABILITY = YES;
				GCC_C_LANGUAGE_STANDARD = gnu11;
				GCC_DYNAMIC_NO_PIC = NO;
				GCC_NO_COMMON_BLOCKS = YES;
				GCC_OPTIMIZATION_LEVEL = 0;
				GCC_PREPROCESSOR_DEFINITIONS = (
					"DEBUG=1",
					"$(inherited)",
				);
				GCC_WARN_64_TO_32_BIT_CONVERSION = YES;
				GCC_WARN_ABOUT_RETURN_TYPE = YES_ERROR;
				GCC_WARN_UNDECLARED_SELECTOR = YES;
				GCC_WARN_UNINITIALIZED_AUTOS = YES_AGGRESSIVE;
				GCC_WARN_UNUSED_FUNCTION = YES;
				GCC_WARN_UNUSED_VARIABLE = YES;
				IPHONEOS_DEPLOYMENT_TARGET = 12.1;
				MTL_ENABLE_DEBUG_INFO = INCLUDE_SOURCE;
				MTL_FAST_MATH = YES;
				ONLY_ACTIVE_ARCH = YES;
				SDKROOT = iphoneos;
				SWIFT_ACTIVE_COMPILATION_CONDITIONS = DEBUG;
				SWIFT_OPTIMIZATION_LEVEL = "-Onone";
				VERSIONING_SYSTEM = "apple-generic";
				VERSION_INFO_PREFIX = "";
			};
			name = Debug;
		};
		202E803521F10EEE0086D4A3 /* Release */ = {
			isa = XCBuildConfiguration;
			buildSettings = {
				ALWAYS_SEARCH_USER_PATHS = NO;
				CLANG_ANALYZER_NONNULL = YES;
				CLANG_ANALYZER_NUMBER_OBJECT_CONVERSION = YES_AGGRESSIVE;
				CLANG_CXX_LANGUAGE_STANDARD = "gnu++14";
				CLANG_CXX_LIBRARY = "libc++";
				CLANG_ENABLE_MODULES = YES;
				CLANG_ENABLE_OBJC_ARC = YES;
				CLANG_ENABLE_OBJC_WEAK = YES;
				CLANG_WARN_BLOCK_CAPTURE_AUTORELEASING = YES;
				CLANG_WARN_BOOL_CONVERSION = YES;
				CLANG_WARN_COMMA = YES;
				CLANG_WARN_CONSTANT_CONVERSION = YES;
				CLANG_WARN_DEPRECATED_OBJC_IMPLEMENTATIONS = YES;
				CLANG_WARN_DIRECT_OBJC_ISA_USAGE = YES_ERROR;
				CLANG_WARN_DOCUMENTATION_COMMENTS = YES;
				CLANG_WARN_EMPTY_BODY = YES;
				CLANG_WARN_ENUM_CONVERSION = YES;
				CLANG_WARN_INFINITE_RECURSION = YES;
				CLANG_WARN_INT_CONVERSION = YES;
				CLANG_WARN_NON_LITERAL_NULL_CONVERSION = YES;
				CLANG_WARN_OBJC_IMPLICIT_RETAIN_SELF = YES;
				CLANG_WARN_OBJC_LITERAL_CONVERSION = YES;
				CLANG_WARN_OBJC_ROOT_CLASS = YES_ERROR;
				CLANG_WARN_RANGE_LOOP_ANALYSIS = YES;
				CLANG_WARN_STRICT_PROTOTYPES = YES;
				CLANG_WARN_SUSPICIOUS_MOVE = YES;
				CLANG_WARN_UNGUARDED_AVAILABILITY = YES_AGGRESSIVE;
				CLANG_WARN_UNREACHABLE_CODE = YES;
				CLANG_WARN__DUPLICATE_METHOD_MATCH = YES;
				CODE_SIGN_IDENTITY = "iPhone Developer";
				COPY_PHASE_STRIP = NO;
				CURRENT_PROJECT_VERSION = 1;
				DEBUG_INFORMATION_FORMAT = "dwarf-with-dsym";
				ENABLE_NS_ASSERTIONS = NO;
				ENABLE_STRICT_OBJC_MSGSEND = YES;
				GCC_C_LANGUAGE_STANDARD = gnu11;
				GCC_NO_COMMON_BLOCKS = YES;
				GCC_WARN_64_TO_32_BIT_CONVERSION = YES;
				GCC_WARN_ABOUT_RETURN_TYPE = YES_ERROR;
				GCC_WARN_UNDECLARED_SELECTOR = YES;
				GCC_WARN_UNINITIALIZED_AUTOS = YES_AGGRESSIVE;
				GCC_WARN_UNUSED_FUNCTION = YES;
				GCC_WARN_UNUSED_VARIABLE = YES;
				IPHONEOS_DEPLOYMENT_TARGET = 12.1;
				MTL_ENABLE_DEBUG_INFO = NO;
				MTL_FAST_MATH = YES;
				SDKROOT = iphoneos;
				SWIFT_COMPILATION_MODE = wholemodule;
				SWIFT_OPTIMIZATION_LEVEL = "-O";
				VALIDATE_PRODUCT = YES;
				VERSIONING_SYSTEM = "apple-generic";
				VERSION_INFO_PREFIX = "";
			};
			name = Release;
		};
		202E803721F10EEE0086D4A3 /* Debug */ = {
			isa = XCBuildConfiguration;
			buildSettings = {
				CLANG_ENABLE_MODULES = YES;
				CODE_SIGN_IDENTITY = "";
				CODE_SIGN_STYLE = Automatic;
				DEFINES_MODULE = YES;
				DEVELOPMENT_TEAM = 7GE4Q65N57;
				DYLIB_COMPATIBILITY_VERSION = 1;
				DYLIB_CURRENT_VERSION = 1;
				DYLIB_INSTALL_NAME_BASE = "@rpath";
				INFOPLIST_FILE = SliceControl/Info.plist;
				INSTALL_PATH = "$(LOCAL_LIBRARY_DIR)/Frameworks";
				LD_RUNPATH_SEARCH_PATHS = (
					"$(inherited)",
					"@executable_path/Frameworks",
					"@loader_path/Frameworks",
				);
				PRODUCT_BUNDLE_IDENTIFIER = pedrommcarrasco.SliceControl;
				PRODUCT_NAME = "$(TARGET_NAME:c99extidentifier)";
				SKIP_INSTALL = YES;
				SWIFT_OPTIMIZATION_LEVEL = "-Onone";
				SWIFT_VERSION = 4.2;
				TARGETED_DEVICE_FAMILY = "1,2";
			};
			name = Debug;
		};
		202E803821F10EEE0086D4A3 /* Release */ = {
			isa = XCBuildConfiguration;
			buildSettings = {
				CLANG_ENABLE_MODULES = YES;
				CODE_SIGN_IDENTITY = "";
				CODE_SIGN_STYLE = Automatic;
				DEFINES_MODULE = YES;
				DEVELOPMENT_TEAM = 7GE4Q65N57;
				DYLIB_COMPATIBILITY_VERSION = 1;
				DYLIB_CURRENT_VERSION = 1;
				DYLIB_INSTALL_NAME_BASE = "@rpath";
				INFOPLIST_FILE = SliceControl/Info.plist;
				INSTALL_PATH = "$(LOCAL_LIBRARY_DIR)/Frameworks";
				LD_RUNPATH_SEARCH_PATHS = (
					"$(inherited)",
					"@executable_path/Frameworks",
					"@loader_path/Frameworks",
				);
				PRODUCT_BUNDLE_IDENTIFIER = pedrommcarrasco.SliceControl;
				PRODUCT_NAME = "$(TARGET_NAME:c99extidentifier)";
				SKIP_INSTALL = YES;
				SWIFT_VERSION = 4.2;
				TARGETED_DEVICE_FAMILY = "1,2";
			};
			name = Release;
		};
/* End XCBuildConfiguration section */

/* Begin XCConfigurationList section */
		202E802821F10EEE0086D4A3 /* Build configuration list for PBXProject "SliceControl" */ = {
			isa = XCConfigurationList;
			buildConfigurations = (
				202E803421F10EEE0086D4A3 /* Debug */,
				202E803521F10EEE0086D4A3 /* Release */,
			);
			defaultConfigurationIsVisible = 0;
			defaultConfigurationName = Release;
		};
		202E803621F10EEE0086D4A3 /* Build configuration list for PBXNativeTarget "SliceControl" */ = {
			isa = XCConfigurationList;
			buildConfigurations = (
				202E803721F10EEE0086D4A3 /* Debug */,
				202E803821F10EEE0086D4A3 /* Release */,
			);
			defaultConfigurationIsVisible = 0;
			defaultConfigurationName = Release;
		};
/* End XCConfigurationList section */
	};
	rootObject = 202E802521F10EEE0086D4A3 /* Project object */;
}
